
Microsoft Visual Studio Solution File, Format Version 12.00
# Visual Studio Version 16
VisualStudioVersion = 16.0.31605.320
MinimumVisualStudioVersion = 10.0.40219.1
Project("{FAE04EC0-301F-11D3-BF4B-00C04F79EFBC}") = "LabIII_TP2_D_Objetos", "LabIII_TP2_D_Objetos\LabIII_TP2_D_Objetos.csproj", "{0031BFB9-62CF-4B17-B76E-E78081327177}"
EndProject
Global
	GlobalSection(SolutionConfigurationPlatforms) = preSolution
		Debug|Any CPU = Debug|Any CPU
		Release|Any CPU = Release|Any CPU
	EndGlobalSection
	GlobalSection(ProjectConfigurationPlatforms) = postSolution
		{0031BFB9-62CF-4B17-B76E-E78081327177}.Debug|Any CPU.ActiveCfg = Debug|Any CPU
		{0031BFB9-62CF-4B17-B76E-E78081327177}.Debug|Any CPU.Build.0 = Debug|Any CPU
		{0031BFB9-62CF-4B17-B76E-E78081327177}.Release|Any CPU.ActiveCfg = Release|Any CPU
		{0031BFB9-62CF-4B17-B76E-E78081327177}.Release|Any CPU.Build.0 = Release|Any CPU
	EndGlobalSection
	GlobalSection(SolutionProperties) = preSolution
		HideSolutionNode = FALSE
	EndGlobalSection
	GlobalSection(ExtensibilityGlobals) = postSolution
		SolutionGuid = {28D7582F-C70E-48DD-A40B-9C21222A2339}
	EndGlobalSection
EndGlobal
