
Microsoft Visual Studio Solution File, Format Version 12.00
# Visual Studio Version 16
VisualStudioVersion = 16.0.31605.320
MinimumVisualStudioVersion = 10.0.40219.1
Project("{FAE04EC0-301F-11D3-BF4B-00C04F79EFBC}") = "LabIII_TP2", "LabIII_TP2\LabIII_TP2.csproj", "{97733E42-8B36-4194-9CA2-1A2D8AFB6007}"
EndProject
Global
	GlobalSection(SolutionConfigurationPlatforms) = preSolution
		Debug|Any CPU = Debug|Any CPU
		Release|Any CPU = Release|Any CPU
	EndGlobalSection
	GlobalSection(ProjectConfigurationPlatforms) = postSolution
		{97733E42-8B36-4194-9CA2-1A2D8AFB6007}.Debug|Any CPU.ActiveCfg = Debug|Any CPU
		{97733E42-8B36-4194-9CA2-1A2D8AFB6007}.Debug|Any CPU.Build.0 = Debug|Any CPU
		{97733E42-8B36-4194-9CA2-1A2D8AFB6007}.Release|Any CPU.ActiveCfg = Release|Any CPU
		{97733E42-8B36-4194-9CA2-1A2D8AFB6007}.Release|Any CPU.Build.0 = Release|Any CPU
	EndGlobalSection
	GlobalSection(SolutionProperties) = preSolution
		HideSolutionNode = FALSE
	EndGlobalSection
	GlobalSection(ExtensibilityGlobals) = postSolution
		SolutionGuid = {B676CE94-F410-4B3F-AC2F-81BEA68F9624}
	EndGlobalSection
EndGlobal
